{
  "name": "opening-prep",
  "version": "1.0.0",
  "lockfileVersion": 3,
  "requires": true,
  "packages": {
    "": {
      "name": "opening-prep",
      "version": "1.0.0",
      "license": "GPL-3.0-or-later",
      "devDependencies": {
        "chess.js": "1.4.0",
        "chessground": "9.2.1",
        "htm": "3.1.1",
        "preact": "10.29.8",
        "stockfish": "^18.0.8"
      }
    },
    "node_modules/chess.js": {
      "version": "1.4.0",
      "resolved": "https://registry.npmjs.org/chess.js/-/chess.js-1.4.0.tgz",
      "integrity": "sha512-BBJgrrtKQOzFLonR0l+k64A98NLemPwNsCskwb+29bRwobUa4iTm51E1kwGPbWXAcfdDa18nad6vpPPKPWarqw==",
      "dev": true,
      "license": "BSD-2-Clause"
    },
    "node_modules/chessground": {
      "version": "9.2.1",
      "resolved": "https://registry.npmjs.org/chessground/-/chessground-9.2.1.tgz",
      "integrity": "sha512-KIdxm0zD69e62XRwdnFB0XUNYSzn5HM3pMazRCwpfruRUowFI8y+1OAK5YSyBff29myeV1/4o5Q8T191+Irbog==",
      "deprecated": "Package no longer supported. Contact Support at https://www.npmjs.com/support for more info.",
      "dev": true,
      "license": "GPL-3.0-or-later",
      "funding": {
        "url": "https://lichess.org/patron"
      }
    },
    "node_modules/htm": {
      "version": "3.1.1",
      "resolved": "https://registry.npmjs.org/htm/-/htm-3.1.1.tgz",
      "integrity": "sha512-983Vyg8NwUE7JkZ6NmOqpCZ+sh1bKv2iYTlUkzlWmA5JD2acKoxd4KVxbMmxX/85mtfdnDmTFoNKcg5DGAvxNQ==",
      "dev": true,
      "license": "Apache-2.0"
    },
    "node_modules/preact": {
      "version": "10.29.8",
      "resolved": "https://registry.npmjs.org/preact/-/preact-10.29.8.tgz",
      "integrity": "sha512-ej2aVZ+vZ8WO7tvlQWRM9N63A0KzF9q4mWJfDUHgYaIofWY9hu74QdnQrjoPMmZi2/nZ5gN0bJCQF49xQqx09Q==",
      "dev": true,
      "license": "MIT",
      "funding": {
        "type": "opencollective",
        "url": "https://opencollective.com/preact"
      },
      "peerDependencies": {
        "preact-render-to-string": ">=5"
      },
      "peerDependenciesMeta": {
        "preact-render-to-string": {
          "optional": true
        }
      }
    },
    "node_modules/stockfish": {
      "version": "18.0.8",
      "resolved": "https://registry.npmjs.org/stockfish/-/stockfish-18.0.8.tgz",
      "integrity": "sha512-z+f2UMPXLylDBGjv9e9zU8QulY7hUl8MYHesLRrdddewlOXjJrUSmtNmbtID1/F72EPhq0CCkCNxgWS5MQVWtQ==",
      "dev": true,
      "hasInstallScript": true,
      "license": "GPL-3.0",
      "bin": {
        "stockfish": "scripts/cli.js"
      }
    }
  }
}
